// !$*UTF8*$!
{
	archiveVersion = 1;
	classes = {
	};
	objectVersion = 46;
	objects = {

/* Begin PBXBuildFile section */
		4E8768F09EA0C95BF0C73F69 /* Pods_WhitePages.framework in Frameworks */ = {isa = PBXBuildFile; fileRef = A75D1C817A7C7B2BA1D2ECD1 /* Pods_WhitePages.framework */; };
		7F12694E1F1DCFDA008254E1 /* business.json in Resources */ = {isa = PBXBuildFile; fileRef = 7F12694A1F1DCFDA008254E1 /* business.json */; };
		7F1269521F1DD4DC008254E1 /* WPExtraTableViewCell.swift in Sources */ = {isa = PBXBuildFile; fileRef = 7F1269501F1DD4DC008254E1 /* WPExtraTableViewCell.swift */; };
		7F1269531F1DD4DC008254E1 /* WPExtraTableViewCell.xib in Resources */ = {isa = PBXBuildFile; fileRef = 7F1269511F1DD4DC008254E1 /* WPExtraTableViewCell.xib */; };
		7F25FD311F1A8D3C00C401CB /* MenuTableViewController.swift in Sources */ = {isa = PBXBuildFile; fileRef = 7F25FD301F1A8D3C00C401CB /* MenuTableViewController.swift */; };
		7F25FD371F1A996600C401CB /* GlobalViewController.swift in Sources */ = {isa = PBXBuildFile; fileRef = 7F25FD361F1A996600C401CB /* GlobalViewController.swift */; };
		7F25FD3B1F1B1CA000C401CB /* WPMenuHeaderCell.swift in Sources */ = {isa = PBXBuildFile; fileRef = 7F25FD391F1B1CA000C401CB /* WPMenuHeaderCell.swift */; };
		7F25FD3C1F1B1CA000C401CB /* WPMenuHeaderCell.xib in Resources */ = {isa = PBXBuildFile; fileRef = 7F25FD3A1F1B1CA000C401CB /* WPMenuHeaderCell.xib */; };
		7F25FD3F1F1B2DFB00C401CB /* WPFooterMenuCell.swift in Sources */ = {isa = PBXBuildFile; fileRef = 7F25FD3D1F1B2DFB00C401CB /* WPFooterMenuCell.swift */; };
		7F25FD401F1B2DFB00C401CB /* WPFooterMenuCell.xib in Resources */ = {isa = PBXBuildFile; fileRef = 7F25FD3E1F1B2DFB00C401CB /* WPFooterMenuCell.xib */; };
		7F25FD441F1BCA1800C401CB /* WPPageControllerCell.swift in Sources */ = {isa = PBXBuildFile; fileRef = 7F25FD421F1BCA1800C401CB /* WPPageControllerCell.swift */; };
		7F25FD451F1BCA1800C401CB /* WPPageControllerCell.xib in Resources */ = {isa = PBXBuildFile; fileRef = 7F25FD431F1BCA1800C401CB /* WPPageControllerCell.xib */; };
		7FB958611F19870600AD4CA3 /* AppDelegate.swift in Sources */ = {isa = PBXBuildFile; fileRef = 7FB958601F19870600AD4CA3 /* AppDelegate.swift */; };
		7FB958631F19870600AD4CA3 /* ViewController.swift in Sources */ = {isa = PBXBuildFile; fileRef = 7FB958621F19870600AD4CA3 /* ViewController.swift */; };
		7FB958661F19870600AD4CA3 /* Main.storyboard in Resources */ = {isa = PBXBuildFile; fileRef = 7FB958641F19870600AD4CA3 /* Main.storyboard */; };
		7FB958681F19870600AD4CA3 /* Assets.xcassets in Resources */ = {isa = PBXBuildFile; fileRef = 7FB958671F19870600AD4CA3 /* Assets.xcassets */; };
		7FB9586B1F19870600AD4CA3 /* LaunchScreen.storyboard in Resources */ = {isa = PBXBuildFile; fileRef = 7FB958691F19870600AD4CA3 /* LaunchScreen.storyboard */; };
		7FB958741F19D88A00AD4CA3 /* MainViewController.swift in Sources */ = {isa = PBXBuildFile; fileRef = 7FB958731F19D88A00AD4CA3 /* MainViewController.swift */; };
		7FB9587A1F19DC8900AD4CA3 /* NavigationViewController.swift in Sources */ = {isa = PBXBuildFile; fileRef = 7FB958791F19DC8900AD4CA3 /* NavigationViewController.swift */; };
/* End PBXBuildFile section */

/* Begin PBXFileReference section */
		4566D6BF2207866DC65DEC69 /* Pods-WhitePages.release.xcconfig */ = {isa = PBXFileReference; includeInIndex = 1; lastKnownFileType = text.xcconfig; name = "Pods-WhitePages.release.xcconfig"; path = "Pods/Target Support Files/Pods-WhitePages/Pods-WhitePages.release.xcconfig"; sourceTree = "<group>"; };
		6C63AC2D248E529AD844A512 /* Pods-WhitePages.debug.xcconfig */ = {isa = PBXFileReference; includeInIndex = 1; lastKnownFileType = text.xcconfig; name = "Pods-WhitePages.debug.xcconfig"; path = "Pods/Target Support Files/Pods-WhitePages/Pods-WhitePages.debug.xcconfig"; sourceTree = "<group>"; };
		7F12694A1F1DCFDA008254E1 /* business.json */ = {isa = PBXFileReference; fileEncoding = 4; lastKnownFileType = text.json; path = business.json; sourceTree = "<group>"; };
		7F1269501F1DD4DC008254E1 /* WPExtraTableViewCell.swift */ = {isa = PBXFileReference; fileEncoding = 4; lastKnownFileType = sourcecode.swift; path = WPExtraTableViewCell.swift; sourceTree = "<group>"; };
		7F1269511F1DD4DC008254E1 /* WPExtraTableViewCell.xib */ = {isa = PBXFileReference; fileEncoding = 4; lastKnownFileType = file.xib; path = WPExtraTableViewCell.xib; sourceTree = "<group>"; };
		7F25FD301F1A8D3C00C401CB /* MenuTableViewController.swift */ = {isa = PBXFileReference; fileEncoding = 4; lastKnownFileType = sourcecode.swift; path = MenuTableViewController.swift; sourceTree = "<group>"; };
		7F25FD361F1A996600C401CB /* GlobalViewController.swift */ = {isa = PBXFileReference; fileEncoding = 4; lastKnownFileType = sourcecode.swift; path = GlobalViewController.swift; sourceTree = "<group>"; };
		7F25FD391F1B1CA000C401CB /* WPMenuHeaderCell.swift */ = {isa = PBXFileReference; fileEncoding = 4; lastKnownFileType = sourcecode.swift; path = WPMenuHeaderCell.swift; sourceTree = "<group>"; };
		7F25FD3A1F1B1CA000C401CB /* WPMenuHeaderCell.xib */ = {isa = PBXFileReference; fileEncoding = 4; lastKnownFileType = file.xib; path = WPMenuHeaderCell.xib; sourceTree = "<group>"; };
		7F25FD3D1F1B2DFB00C401CB /* WPFooterMenuCell.swift */ = {isa = PBXFileReference; fileEncoding = 4; lastKnownFileType = sourcecode.swift; path = WPFooterMenuCell.swift; sourceTree = "<group>"; };
		7F25FD3E1F1B2DFB00C401CB /* WPFooterMenuCell.xib */ = {isa = PBXFileReference; fileEncoding = 4; lastKnownFileType = file.xib; path = WPFooterMenuCell.xib; sourceTree = "<group>"; };
		7F25FD421F1BCA1800C401CB /* WPPageControllerCell.swift */ = {isa = PBXFileReference; fileEncoding = 4; lastKnownFileType = sourcecode.swift; path = WPPageControllerCell.swift; sourceTree = "<group>"; };
		7F25FD431F1BCA1800C401CB /* WPPageControllerCell.xib */ = {isa = PBXFileReference; fileEncoding = 4; lastKnownFileType = file.xib; path = WPPageControllerCell.xib; sourceTree = "<group>"; };
		7FB9585D1F19870600AD4CA3 /* WhitePages.app */ = {isa = PBXFileReference; explicitFileType = wrapper.application; includeInIndex = 0; path = WhitePages.app; sourceTree = BUILT_PRODUCTS_DIR; };
		7FB958601F19870600AD4CA3 /* AppDelegate.swift */ = {isa = PBXFileReference; lastKnownFileType = sourcecode.swift; path = AppDelegate.swift; sourceTree = "<group>"; };
		7FB958621F19870600AD4CA3 /* ViewController.swift */ = {isa = PBXFileReference; lastKnownFileType = sourcecode.swift; path = ViewController.swift; sourceTree = "<group>"; };
		7FB958651F19870600AD4CA3 /* Base */ = {isa = PBXFileReference; lastKnownFileType = file.storyboard; name = Base; path = Base.lproj/Main.storyboard; sourceTree = "<group>"; };
		7FB958671F19870600AD4CA3 /* Assets.xcassets */ = {isa = PBXFileReference; lastKnownFileType = folder.assetcatalog; path = Assets.xcassets; sourceTree = "<group>"; };
		7FB9586A1F19870600AD4CA3 /* Base */ = {isa = PBXFileReference; lastKnownFileType = file.storyboard; name = Base; path = Base.lproj/LaunchScreen.storyboard; sourceTree = "<group>"; };
		7FB9586C1F19870600AD4CA3 /* Info.plist */ = {isa = PBXFileReference; lastKnownFileType = text.plist.xml; path = Info.plist; sourceTree = "<group>"; };
		7FB958731F19D88A00AD4CA3 /* MainViewController.swift */ = {isa = PBXFileReference; fileEncoding = 4; lastKnownFileType = sourcecode.swift; path = MainViewController.swift; sourceTree = "<group>"; };
		7FB958791F19DC8900AD4CA3 /* NavigationViewController.swift */ = {isa = PBXFileReference; fileEncoding = 4; lastKnownFileType = sourcecode.swift; path = NavigationViewController.swift; sourceTree = "<group>"; };
		A75D1C817A7C7B2BA1D2ECD1 /* Pods_WhitePages.framework */ = {isa = PBXFileReference; explicitFileType = wrapper.framework; includeInIndex = 0; path = Pods_WhitePages.framework; sourceTree = BUILT_PRODUCTS_DIR; };
/* End PBXFileReference section */

/* Begin PBXFrameworksBuildPhase section */
		7FB9585A1F19870600AD4CA3 /* Frameworks */ = {
			isa = PBXFrameworksBuildPhase;
			buildActionMask = 2147483647;
			files = (
				4E8768F09EA0C95BF0C73F69 /* Pods_WhitePages.framework in Frameworks */,
			);
			runOnlyForDeploymentPostprocessing = 0;
		};
/* End PBXFrameworksBuildPhase section */

/* Begin PBXGroup section */
		4BCB27E9FBAEC381E00DDDD1 /* Frameworks */ = {
			isa = PBXGroup;
			children = (
				A75D1C817A7C7B2BA1D2ECD1 /* Pods_WhitePages.framework */,
			);
			name = Frameworks;
			sourceTree = "<group>";
		};
		7F1269431F1D8148008254E1 /* Resources */ = {
			isa = PBXGroup;
			children = (
				7F12694A1F1DCFDA008254E1 /* business.json */,
			);
			path = Resources;
			sourceTree = "<group>";
		};
		7F25FD381F1B1C4B00C401CB /* Menu */ = {
			isa = PBXGroup;
			children = (
				7F25FD301F1A8D3C00C401CB /* MenuTableViewController.swift */,
				7F25FD391F1B1CA000C401CB /* WPMenuHeaderCell.swift */,
				7F25FD3A1F1B1CA000C401CB /* WPMenuHeaderCell.xib */,
				7F25FD3D1F1B2DFB00C401CB /* WPFooterMenuCell.swift */,
				7F25FD3E1F1B2DFB00C401CB /* WPFooterMenuCell.xib */,
			);
			name = Menu;
			sourceTree = "<group>";
		};
		7F25FD411F1BC9E500C401CB /* MainCellsControllers */ = {
			isa = PBXGroup;
			children = (
				7F25FD421F1BCA1800C401CB /* WPPageControllerCell.swift */,
				7F25FD431F1BCA1800C401CB /* WPPageControllerCell.xib */,
				7F1269501F1DD4DC008254E1 /* WPExtraTableViewCell.swift */,
				7F1269511F1DD4DC008254E1 /* WPExtraTableViewCell.xib */,
			);
			name = MainCellsControllers;
			sourceTree = "<group>";
		};
		7FB958541F19870600AD4CA3 = {
			isa = PBXGroup;
			children = (
				7FB9585F1F19870600AD4CA3 /* WhitePages */,
				7FB9585E1F19870600AD4CA3 /* Products */,
				989CF3ECBD0276AAD9535EDC /* Pods */,
				4BCB27E9FBAEC381E00DDDD1 /* Frameworks */,
			);
			sourceTree = "<group>";
		};
		7FB9585E1F19870600AD4CA3 /* Products */ = {
			isa = PBXGroup;
			children = (
				7FB9585D1F19870600AD4CA3 /* WhitePages.app */,
			);
			name = Products;
			sourceTree = "<group>";
		};
		7FB9585F1F19870600AD4CA3 /* WhitePages */ = {
			isa = PBXGroup;
			children = (
				7F1269431F1D8148008254E1 /* Resources */,
				7FB958721F19D86200AD4CA3 /* Controllers */,
				7FB958601F19870600AD4CA3 /* AppDelegate.swift */,
				7FB958621F19870600AD4CA3 /* ViewController.swift */,
				7FB958641F19870600AD4CA3 /* Main.storyboard */,
				7FB958671F19870600AD4CA3 /* Assets.xcassets */,
				7FB958691F19870600AD4CA3 /* LaunchScreen.storyboard */,
				7FB9586C1F19870600AD4CA3 /* Info.plist */,
			);
			path = WhitePages;
			sourceTree = "<group>";
		};
		7FB958721F19D86200AD4CA3 /* Controllers */ = {
			isa = PBXGroup;
			children = (
				7F25FD411F1BC9E500C401CB /* MainCellsControllers */,
				7F25FD381F1B1C4B00C401CB /* Menu */,
				7FB958731F19D88A00AD4CA3 /* MainViewController.swift */,
				7FB958791F19DC8900AD4CA3 /* NavigationViewController.swift */,
				7F25FD361F1A996600C401CB /* GlobalViewController.swift */,
			);
			name = Controllers;
			sourceTree = "<group>";
		};
		989CF3ECBD0276AAD9535EDC /* Pods */ = {
			isa = PBXGroup;
			children = (
				6C63AC2D248E529AD844A512 /* Pods-WhitePages.debug.xcconfig */,
				4566D6BF2207866DC65DEC69 /* Pods-WhitePages.release.xcconfig */,
			);
			name = Pods;
			sourceTree = "<group>";
		};
/* End PBXGroup section */

/* Begin PBXNativeTarget section */
		7FB9585C1F19870600AD4CA3 /* WhitePages */ = {
			isa = PBXNativeTarget;
			buildConfigurationList = 7FB9586F1F19870600AD4CA3 /* Build configuration list for PBXNativeTarget "WhitePages" */;
			buildPhases = (
				7C1B98858D79E1BF069A3A1A /* [CP] Check Pods Manifest.lock */,
				7FB958591F19870600AD4CA3 /* Sources */,
				7FB9585A1F19870600AD4CA3 /* Frameworks */,
				7FB9585B1F19870600AD4CA3 /* Resources */,
				8A82C6D700B224DEBC38F8AC /* [CP] Embed Pods Frameworks */,
				2F2EE832292E7D90AB1574E9 /* [CP] Copy Pods Resources */,
			);
			buildRules = (
			);
			dependencies = (
			);
			name = WhitePages;
			productName = WhitePages;
			productReference = 7FB9585D1F19870600AD4CA3 /* WhitePages.app */;
			productType = "com.apple.product-type.application";
		};
/* End PBXNativeTarget section */

/* Begin PBXProject section */
		7FB958551F19870600AD4CA3 /* Project object */ = {
			isa = PBXProject;
			attributes = {
				LastSwiftUpdateCheck = 0830;
				LastUpgradeCheck = 0830;
				ORGANIZATIONNAME = "Marcos Garcia";
				TargetAttributes = {
					7FB9585C1F19870600AD4CA3 = {
						CreatedOnToolsVersion = 8.3.3;
						DevelopmentTeam = PF5L22BF84;
						ProvisioningStyle = Automatic;
					};
				};
			};
			buildConfigurationList = 7FB958581F19870600AD4CA3 /* Build configuration list for PBXProject "WhitePages" */;
			compatibilityVersion = "Xcode 3.2";
			developmentRegion = English;
			hasScannedForEncodings = 0;
			knownRegions = (
				en,
				Base,
			);
			mainGroup = 7FB958541F19870600AD4CA3;
			productRefGroup = 7FB9585E1F19870600AD4CA3 /* Products */;
			projectDirPath = "";
			projectRoot = "";
			targets = (
				7FB9585C1F19870600AD4CA3 /* WhitePages */,
			);
		};
/* End PBXProject section */

/* Begin PBXResourcesBuildPhase section */
		7FB9585B1F19870600AD4CA3 /* Resources */ = {
			isa = PBXResourcesBuildPhase;
			buildActionMask = 2147483647;
			files = (
				7F12694E1F1DCFDA008254E1 /* business.json in Resources */,
				7F25FD401F1B2DFB00C401CB /* WPFooterMenuCell.xib in Resources */,
				7FB9586B1F19870600AD4CA3 /* LaunchScreen.storyboard in Resources */,
				7FB958681F19870600AD4CA3 /* Assets.xcassets in Resources */,
				7F25FD3C1F1B1CA000C401CB /* WPMenuHeaderCell.xib in Resources */,
				7FB958661F19870600AD4CA3 /* Main.storyboard in Resources */,
				7F25FD451F1BCA1800C401CB /* WPPageControllerCell.xib in Resources */,
				7F1269531F1DD4DC008254E1 /* WPExtraTableViewCell.xib in Resources */,
			);
			runOnlyForDeploymentPostprocessing = 0;
		};
/* End PBXResourcesBuildPhase section */

/* Begin PBXShellScriptBuildPhase section */
		2F2EE832292E7D90AB1574E9 /* [CP] Copy Pods Resources */ = {
			isa = PBXShellScriptBuildPhase;
			buildActionMask = 2147483647;
			files = (
			);
			inputPaths = (
			);
			name = "[CP] Copy Pods Resources";
			outputPaths = (
			);
			runOnlyForDeploymentPostprocessing = 0;
			shellPath = /bin/sh;
			shellScript = "\"${SRCROOT}/Pods/Target Support Files/Pods-WhitePages/Pods-WhitePages-resources.sh\"\n";
			showEnvVarsInLog = 0;
		};
		7C1B98858D79E1BF069A3A1A /* [CP] Check Pods Manifest.lock */ = {
			isa = PBXShellScriptBuildPhase;
			buildActionMask = 2147483647;
			files = (
			);
			inputPaths = (
			);
			name = "[CP] Check Pods Manifest.lock";
			outputPaths = (
			);
			runOnlyForDeploymentPostprocessing = 0;
			shellPath = /bin/sh;
			shellScript = "diff \"${PODS_PODFILE_DIR_PATH}/Podfile.lock\" \"${PODS_ROOT}/Manifest.lock\" > /dev/null\nif [ $? != 0 ] ; then\n    # print error to STDERR\n    echo \"error: The sandbox is not in sync with the Podfile.lock. Run 'pod install' or update your CocoaPods installation.\" >&2\n    exit 1\nfi\n";
			showEnvVarsInLog = 0;
		};
		8A82C6D700B224DEBC38F8AC /* [CP] Embed Pods Frameworks */ = {
			isa = PBXShellScriptBuildPhase;
			buildActionMask = 2147483647;
			files = (
			);
			inputPaths = (
			);
			name = "[CP] Embed Pods Frameworks";
			outputPaths = (
			);
			runOnlyForDeploymentPostprocessing = 0;
			shellPath = /bin/sh;
			shellScript = "\"${SRCROOT}/Pods/Target Support Files/Pods-WhitePages/Pods-WhitePages-frameworks.sh\"\n";
			showEnvVarsInLog = 0;
		};
/* End PBXShellScriptBuildPhase section */

/* Begin PBXSourcesBuildPhase section */
		7FB958591F19870600AD4CA3 /* Sources */ = {
			isa = PBXSourcesBuildPhase;
			buildActionMask = 2147483647;
			files = (
				7FB958741F19D88A00AD4CA3 /* MainViewController.swift in Sources */,
				7F25FD371F1A996600C401CB /* GlobalViewController.swift in Sources */,
				7FB958631F19870600AD4CA3 /* ViewController.swift in Sources */,
				7F25FD3B1F1B1CA000C401CB /* WPMenuHeaderCell.swift in Sources */,
				7F25FD3F1F1B2DFB00C401CB /* WPFooterMenuCell.swift in Sources */,
				7F25FD311F1A8D3C00C401CB /* MenuTableViewController.swift in Sources */,
				7F25FD441F1BCA1800C401CB /* WPPageControllerCell.swift in Sources */,
				7F1269521F1DD4DC008254E1 /* WPExtraTableViewCell.swift in Sources */,
				7FB958611F19870600AD4CA3 /* AppDelegate.swift in Sources */,
				7FB9587A1F19DC8900AD4CA3 /* NavigationViewController.swift in Sources */,
			);
			runOnlyForDeploymentPostprocessing = 0;
		};
/* End PBXSourcesBuildPhase section */

/* Begin PBXVariantGroup section */
		7FB958641F19870600AD4CA3 /* Main.storyboard */ = {
			isa = PBXVariantGroup;
			children = (
				7FB958651F19870600AD4CA3 /* Base */,
			);
			name = Main.storyboard;
			sourceTree = "<group>";
		};
		7FB958691F19870600AD4CA3 /* LaunchScreen.storyboard */ = {
			isa = PBXVariantGroup;
			children = (
				7FB9586A1F19870600AD4CA3 /* Base */,
			);
			name = LaunchScreen.storyboard;
			sourceTree = "<group>";
		};
/* End PBXVariantGroup section */

/* Begin XCBuildConfiguration section */
		7FB9586D1F19870600AD4CA3 /* Debug */ = {
			isa = XCBuildConfiguration;
			buildSettings = {
				ALWAYS_SEARCH_USER_PATHS = NO;
				CLANG_ANALYZER_NONNULL = YES;
				CLANG_ANALYZER_NUMBER_OBJECT_CONVERSION = YES_AGGRESSIVE;
				CLANG_CXX_LANGUAGE_STANDARD = "gnu++0x";
				CLANG_CXX_LIBRARY = "libc++";
				CLANG_ENABLE_MODULES = YES;
				CLANG_ENABLE_OBJC_ARC = YES;
				CLANG_WARN_BOOL_CONVERSION = YES;
				CLANG_WARN_CONSTANT_CONVERSION = YES;
				CLANG_WARN_DIRECT_OBJC_ISA_USAGE = YES_ERROR;
				CLANG_WARN_DOCUMENTATION_COMMENTS = YES;
				CLANG_WARN_EMPTY_BODY = YES;
				CLANG_WARN_ENUM_CONVERSION = YES;
				CLANG_WARN_INFINITE_RECURSION = YES;
				CLANG_WARN_INT_CONVERSION = YES;
				CLANG_WARN_OBJC_ROOT_CLASS = YES_ERROR;
				CLANG_WARN_SUSPICIOUS_MOVE = YES;
				CLANG_WARN_UNREACHABLE_CODE = YES;
				CLANG_WARN__DUPLICATE_METHOD_MATCH = YES;
				"CODE_SIGN_IDENTITY[sdk=iphoneos*]" = "iPhone Developer";
				COPY_PHASE_STRIP = NO;
				DEBUG_INFORMATION_FORMAT = dwarf;
				ENABLE_STRICT_OBJC_MSGSEND = YES;
				ENABLE_TESTABILITY = YES;
				GCC_C_LANGUAGE_STANDARD = gnu99;
				GCC_DYNAMIC_NO_PIC = NO;
				GCC_NO_COMMON_BLOCKS = YES;
				GCC_OPTIMIZATION_LEVEL = 0;
				GCC_PREPROCESSOR_DEFINITIONS = (
					"DEBUG=1",
					"$(inherited)",
				);
				GCC_WARN_64_TO_32_BIT_CONVERSION = YES;
				GCC_WARN_ABOUT_RETURN_TYPE = YES_ERROR;
				GCC_WARN_UNDECLARED_SELECTOR = YES;
				GCC_WARN_UNINITIALIZED_AUTOS = YES_AGGRESSIVE;
				GCC_WARN_UNUSED_FUNCTION = YES;
				GCC_WARN_UNUSED_VARIABLE = YES;
				IPHONEOS_DEPLOYMENT_TARGET = 10.3;
				MTL_ENABLE_DEBUG_INFO = YES;
				ONLY_ACTIVE_ARCH = YES;
				SDKROOT = iphoneos;
				SWIFT_ACTIVE_COMPILATION_CONDITIONS = DEBUG;
				SWIFT_OPTIMIZATION_LEVEL = "-Onone";
			};
			name = Debug;
		};
		7FB9586E1F19870600AD4CA3 /* Release */ = {
			isa = XCBuildConfiguration;
			buildSettings = {
				ALWAYS_SEARCH_USER_PATHS = NO;
				CLANG_ANALYZER_NONNULL = YES;
				CLANG_ANALYZER_NUMBER_OBJECT_CONVERSION = YES_AGGRESSIVE;
				CLANG_CXX_LANGUAGE_STANDARD = "gnu++0x";
				CLANG_CXX_LIBRARY = "libc++";
				CLANG_ENABLE_MODULES = YES;
				CLANG_ENABLE_OBJC_ARC = YES;
				CLANG_WARN_BOOL_CONVERSION = YES;
				CLANG_WARN_CONSTANT_CONVERSION = YES;
				CLANG_WARN_DIRECT_OBJC_ISA_USAGE = YES_ERROR;
				CLANG_WARN_DOCUMENTATION_COMMENTS = YES;
				CLANG_WARN_EMPTY_BODY = YES;
				CLANG_WARN_ENUM_CONVERSION = YES;
				CLANG_WARN_INFINITE_RECURSION = YES;
				CLANG_WARN_INT_CONVERSION = YES;
				CLANG_WARN_OBJC_ROOT_CLASS = YES_ERROR;
				CLANG_WARN_SUSPICIOUS_MOVE = YES;
				CLANG_WARN_UNREACHABLE_CODE = YES;
				CLANG_WARN__DUPLICATE_METHOD_MATCH = YES;
				"CODE_SIGN_IDENTITY[sdk=iphoneos*]" = "iPhone Developer";
				COPY_PHASE_STRIP = NO;
				DEBUG_INFORMATION_FORMAT = "dwarf-with-dsym";
				ENABLE_NS_ASSERTIONS = NO;
				ENABLE_STRICT_OBJC_MSGSEND = YES;
				GCC_C_LANGUAGE_STANDARD = gnu99;
				GCC_NO_COMMON_BLOCKS = YES;
				GCC_WARN_64_TO_32_BIT_CONVERSION = YES;
				GCC_WARN_ABOUT_RETURN_TYPE = YES_ERROR;
				GCC_WARN_UNDECLARED_SELECTOR = YES;
				GCC_WARN_UNINITIALIZED_AUTOS = YES_AGGRESSIVE;
				GCC_WARN_UNUSED_FUNCTION = YES;
				GCC_WARN_UNUSED_VARIABLE = YES;
				IPHONEOS_DEPLOYMENT_TARGET = 10.3;
				MTL_ENABLE_DEBUG_INFO = NO;
				SDKROOT = iphoneos;
				SWIFT_OPTIMIZATION_LEVEL = "-Owholemodule";
				VALIDATE_PRODUCT = YES;
			};
			name = Release;
		};
		7FB958701F19870600AD4CA3 /* Debug */ = {
			isa = XCBuildConfiguration;
			baseConfigurationReference = 6C63AC2D248E529AD844A512 /* Pods-WhitePages.debug.xcconfig */;
			buildSettings = {
				ASSETCATALOG_COMPILER_APPICON_NAME = AppIcon;
				DEVELOPMENT_TEAM = PF5L22BF84;
				INFOPLIST_FILE = WhitePages/Info.plist;
				LD_RUNPATH_SEARCH_PATHS = "$(inherited) @executable_path/Frameworks";
				PRODUCT_BUNDLE_IDENTIFIER = com.marcosgn.app.WhitePages;
				PRODUCT_NAME = "$(TARGET_NAME)";
				SWIFT_VERSION = 3.0;
			};
			name = Debug;
		};
		7FB958711F19870600AD4CA3 /* Release */ = {
			isa = XCBuildConfiguration;
			baseConfigurationReference = 4566D6BF2207866DC65DEC69 /* Pods-WhitePages.release.xcconfig */;
			buildSettings = {
				ASSETCATALOG_COMPILER_APPICON_NAME = AppIcon;
				DEVELOPMENT_TEAM = PF5L22BF84;
				INFOPLIST_FILE = WhitePages/Info.plist;
				LD_RUNPATH_SEARCH_PATHS = "$(inherited) @executable_path/Frameworks";
				PRODUCT_BUNDLE_IDENTIFIER = com.marcosgn.app.WhitePages;
				PRODUCT_NAME = "$(TARGET_NAME)";
				SWIFT_VERSION = 3.0;
			};
			name = Release;
		};
/* End XCBuildConfiguration section */

/* Begin XCConfigurationList section */
		7FB958581F19870600AD4CA3 /* Build configuration list for PBXProject "WhitePages" */ = {
			isa = XCConfigurationList;
			buildConfigurations = (
				7FB9586D1F19870600AD4CA3 /* Debug */,
				7FB9586E1F19870600AD4CA3 /* Release */,
			);
			defaultConfigurationIsVisible = 0;
			defaultConfigurationName = Release;
		};
		7FB9586F1F19870600AD4CA3 /* Build configuration list for PBXNativeTarget "WhitePages" */ = {
			isa = XCConfigurationList;
			buildConfigurations = (
				7FB958701F19870600AD4CA3 /* Debug */,
				7FB958711F19870600AD4CA3 /* Release */,
			);
			defaultConfigurationIsVisible = 0;
			defaultConfigurationName = Release;
		};
/* End XCConfigurationList section */
	};
	rootObject = 7FB958551F19870600AD4CA3 /* Project object */;
}
